// !$*UTF8*$!
{
	archiveVersion = 1;
	classes = {
	};
	objectVersion = 46;
	objects = {

/* Begin PBXBuildFile section */
		D72D23841A14CE4A00C2EE32 /* SecondViewController.m in Sources */ = {isa = PBXBuildFile; fileRef = D72D23831A14CE4A00C2EE32 /* SecondViewController.m */; };
		D72D23871A14CE7500C2EE32 /* ThirdViewController.m in Sources */ = {isa = PBXBuildFile; fileRef = D72D23861A14CE7500C2EE32 /* ThirdViewController.m */; };
		D74496D71A27310400804C44 /* TelephoneViewController.m in Sources */ = {isa = PBXBuildFile; fileRef = D74496D61A27310400804C44 /* TelephoneViewController.m */; };
		D748AAC71A838971002B6D01 /* Default-568h@2x.png in Resources */ = {isa = PBXBuildFile; fileRef = D748AAC41A838971002B6D01 /* Default-568h@2x.png */; };
		D748AAC81A838971002B6D01 /* Default-667h@2x.png in Resources */ = {isa = PBXBuildFile; fileRef = D748AAC51A838971002B6D01 /* Default-667h@2x.png */; };
		D748AAC91A838971002B6D01 /* Default-736h@3x.png in Resources */ = {isa = PBXBuildFile; fileRef = D748AAC61A838971002B6D01 /* Default-736h@3x.png */; };
		D7682FFE1A0780BB00FD8363 /* main.m in Sources */ = {isa = PBXBuildFile; fileRef = D7682FFD1A0780BB00FD8363 /* main.m */; };
		D76830011A0780BB00FD8363 /* AppDelegate.m in Sources */ = {isa = PBXBuildFile; fileRef = D76830001A0780BB00FD8363 /* AppDelegate.m */; };
		D76830041A0780BB00FD8363 /* telephonemachine.xcdatamodeld in Sources */ = {isa = PBXBuildFile; fileRef = D76830021A0780BB00FD8363 /* telephonemachine.xcdatamodeld */; };
		D76830071A0780BB00FD8363 /* ViewController.m in Sources */ = {isa = PBXBuildFile; fileRef = D76830061A0780BB00FD8363 /* ViewController.m */; };
		D768300A1A0780BB00FD8363 /* Main.storyboard in Resources */ = {isa = PBXBuildFile; fileRef = D76830081A0780BB00FD8363 /* Main.storyboard */; };
		D768300C1A0780BB00FD8363 /* Images.xcassets in Resources */ = {isa = PBXBuildFile; fileRef = D768300B1A0780BB00FD8363 /* Images.xcassets */; };
		D768300F1A0780BB00FD8363 /* LaunchScreen.xib in Resources */ = {isa = PBXBuildFile; fileRef = D768300D1A0780BB00FD8363 /* LaunchScreen.xib */; };
		D768301B1A0780BC00FD8363 /* telephonemachineTests.m in Sources */ = {isa = PBXBuildFile; fileRef = D768301A1A0780BC00FD8363 /* telephonemachineTests.m */; };
		D7B07B621A39B4FD009FBEDA /* icon.png in Resources */ = {isa = PBXBuildFile; fileRef = D7B07B611A39B4FD009FBEDA /* icon.png */; };
		D7B07B7C1A3B14D8009FBEDA /* main-back.png in Resources */ = {isa = PBXBuildFile; fileRef = D7B07B7B1A3B14D8009FBEDA /* main-back.png */; };
		D7B07B801A3B1B90009FBEDA /* time2-back.png in Resources */ = {isa = PBXBuildFile; fileRef = D7B07B7F1A3B1B8F009FBEDA /* time2-back.png */; };
		D7B07BEC1A3B2CE1009FBEDA /* time1-back.png in Resources */ = {isa = PBXBuildFile; fileRef = D7B07BEB1A3B2CE1009FBEDA /* time1-back.png */; };
		D7BF46CA1A95F371009F4074 /* GoogleMobileAds.framework in Frameworks */ = {isa = PBXBuildFile; fileRef = D7BF46C81A95F371009F4074 /* GoogleMobileAds.framework */; };
		D7BF46CB1A95F371009F4074 /* README.txt in Resources */ = {isa = PBXBuildFile; fileRef = D7BF46C91A95F371009F4074 /* README.txt */; };
/* End PBXBuildFile section */

/* Begin PBXContainerItemProxy section */
		D76830151A0780BC00FD8363 /* PBXContainerItemProxy */ = {
			isa = PBXContainerItemProxy;
			containerPortal = D7682FF01A0780BB00FD8363 /* Project object */;
			proxyType = 1;
			remoteGlobalIDString = D7682FF71A0780BB00FD8363;
			remoteInfo = telephonemachine;
		};
/* End PBXContainerItemProxy section */

/* Begin PBXFileReference section */
		D72D23821A14CE4A00C2EE32 /* SecondViewController.h */ = {isa = PBXFileReference; fileEncoding = 4; lastKnownFileType = sourcecode.c.h; path = SecondViewController.h; sourceTree = "<group>"; };
		D72D23831A14CE4A00C2EE32 /* SecondViewController.m */ = {isa = PBXFileReference; fileEncoding = 4; lastKnownFileType = sourcecode.c.objc; path = SecondViewController.m; sourceTree = "<group>"; };
		D72D23851A14CE7500C2EE32 /* ThirdViewController.h */ = {isa = PBXFileReference; fileEncoding = 4; lastKnownFileType = sourcecode.c.h; path = ThirdViewController.h; sourceTree = "<group>"; };
		D72D23861A14CE7500C2EE32 /* ThirdViewController.m */ = {isa = PBXFileReference; fileEncoding = 4; lastKnownFileType = sourcecode.c.objc; path = ThirdViewController.m; sourceTree = "<group>"; };
		D74496D51A27310400804C44 /* TelephoneViewController.h */ = {isa = PBXFileReference; fileEncoding = 4; lastKnownFileType = sourcecode.c.h; path = TelephoneViewController.h; sourceTree = "<group>"; };
		D74496D61A27310400804C44 /* TelephoneViewController.m */ = {isa = PBXFileReference; fileEncoding = 4; lastKnownFileType = sourcecode.c.objc; path = TelephoneViewController.m; sourceTree = "<group>"; };
		D748AAC41A838971002B6D01 /* Default-568h@2x.png */ = {isa = PBXFileReference; lastKnownFileType = image.png; path = "Default-568h@2x.png"; sourceTree = "<group>"; };
		D748AAC51A838971002B6D01 /* Default-667h@2x.png */ = {isa = PBXFileReference; lastKnownFileType = image.png; path = "Default-667h@2x.png"; sourceTree = "<group>"; };
		D748AAC61A838971002B6D01 /* Default-736h@3x.png */ = {isa = PBXFileReference; lastKnownFileType = image.png; path = "Default-736h@3x.png"; sourceTree = "<group>"; };
		D7682FF81A0780BB00FD8363 /* telephonemachine.app */ = {isa = PBXFileReference; explicitFileType = wrapper.application; includeInIndex = 0; path = telephonemachine.app; sourceTree = BUILT_PRODUCTS_DIR; };
		D7682FFC1A0780BB00FD8363 /* Info.plist */ = {isa = PBXFileReference; lastKnownFileType = text.plist.xml; path = Info.plist; sourceTree = "<group>"; };
		D7682FFD1A0780BB00FD8363 /* main.m */ = {isa = PBXFileReference; lastKnownFileType = sourcecode.c.objc; path = main.m; sourceTree = "<group>"; };
		D7682FFF1A0780BB00FD8363 /* AppDelegate.h */ = {isa = PBXFileReference; lastKnownFileType = sourcecode.c.h; path = AppDelegate.h; sourceTree = "<group>"; };
		D76830001A0780BB00FD8363 /* AppDelegate.m */ = {isa = PBXFileReference; lastKnownFileType = sourcecode.c.objc; path = AppDelegate.m; sourceTree = "<group>"; };
		D76830031A0780BB00FD8363 /* telephonemachine.xcdatamodel */ = {isa = PBXFileReference; lastKnownFileType = wrapper.xcdatamodel; path = telephonemachine.xcdatamodel; sourceTree = "<group>"; };
		D76830051A0780BB00FD8363 /* ViewController.h */ = {isa = PBXFileReference; lastKnownFileType = sourcecode.c.h; path = ViewController.h; sourceTree = "<group>"; };
		D76830061A0780BB00FD8363 /* ViewController.m */ = {isa = PBXFileReference; lastKnownFileType = sourcecode.c.objc; path = ViewController.m; sourceTree = "<group>"; };
		D76830091A0780BB00FD8363 /* Base */ = {isa = PBXFileReference; lastKnownFileType = file.storyboard; name = Base; path = Base.lproj/Main.storyboard; sourceTree = "<group>"; };
		D768300B1A0780BB00FD8363 /* Images.xcassets */ = {isa = PBXFileReference; lastKnownFileType = folder.assetcatalog; path = Images.xcassets; sourceTree = "<group>"; };
		D768300E1A0780BB00FD8363 /* Base */ = {isa = PBXFileReference; lastKnownFileType = file.xib; name = Base; path = Base.lproj/LaunchScreen.xib; sourceTree = "<group>"; };
		D76830141A0780BC00FD8363 /* telephonemachineTests.xctest */ = {isa = PBXFileReference; explicitFileType = wrapper.cfbundle; includeInIndex = 0; path = telephonemachineTests.xctest; sourceTree = BUILT_PRODUCTS_DIR; };
		D76830191A0780BC00FD8363 /* Info.plist */ = {isa = PBXFileReference; lastKnownFileType = text.plist.xml; path = Info.plist; sourceTree = "<group>"; };
		D768301A1A0780BC00FD8363 /* telephonemachineTests.m */ = {isa = PBXFileReference; lastKnownFileType = sourcecode.c.objc; path = telephonemachineTests.m; sourceTree = "<group>"; };
		D7B07B611A39B4FD009FBEDA /* icon.png */ = {isa = PBXFileReference; lastKnownFileType = image.png; path = icon.png; sourceTree = "<group>"; };
		D7B07B7B1A3B14D8009FBEDA /* main-back.png */ = {isa = PBXFileReference; lastKnownFileType = image.png; path = "main-back.png"; sourceTree = "<group>"; };
		D7B07B7F1A3B1B8F009FBEDA /* time2-back.png */ = {isa = PBXFileReference; lastKnownFileType = image.png; path = "time2-back.png"; sourceTree = "<group>"; };
		D7B07BEB1A3B2CE1009FBEDA /* time1-back.png */ = {isa = PBXFileReference; lastKnownFileType = image.png; name = "time1-back.png"; path = "telephonemachine/time1-back.png"; sourceTree = "<group>"; };
		D7BF46C81A95F371009F4074 /* GoogleMobileAds.framework */ = {isa = PBXFileReference; lastKnownFileType = wrapper.framework; name = GoogleMobileAds.framework; path = telephonemachine/GoogleMobileAds.framework; sourceTree = "<group>"; };
		D7BF46C91A95F371009F4074 /* README.txt */ = {isa = PBXFileReference; fileEncoding = 4; lastKnownFileType = text; name = README.txt; path = telephonemachine/README.txt; sourceTree = "<group>"; };
		D7F39F0F1A307230006C632F /* AudioToolbox.framework */ = {isa = PBXFileReference; lastKnownFileType = wrapper.framework; name = AudioToolbox.framework; path = System/Library/Frameworks/AudioToolbox.framework; sourceTree = SDKROOT; };
/* End PBXFileReference section */

/* Begin PBXFrameworksBuildPhase section */
		D7682FF51A0780BB00FD8363 /* Frameworks */ = {
			isa = PBXFrameworksBuildPhase;
			buildActionMask = 2147483647;
			files = (
				D7BF46CA1A95F371009F4074 /* GoogleMobileAds.framework in Frameworks */,
			);
			runOnlyForDeploymentPostprocessing = 0;
		};
		D76830111A0780BC00FD8363 /* Frameworks */ = {
			isa = PBXFrameworksBuildPhase;
			buildActionMask = 2147483647;
			files = (
			);
			runOnlyForDeploymentPostprocessing = 0;
		};
/* End PBXFrameworksBuildPhase section */

/* Begin PBXGroup section */
		D748AAC31A838971002B6D01 /* Defaults */ = {
			isa = PBXGroup;
			children = (
				D748AAC41A838971002B6D01 /* Default-568h@2x.png */,
				D748AAC51A838971002B6D01 /* Default-667h@2x.png */,
				D748AAC61A838971002B6D01 /* Default-736h@3x.png */,
			);
			path = Defaults;
			sourceTree = "<group>";
		};
		D7682FEF1A0780BB00FD8363 = {
			isa = PBXGroup;
			children = (
				D7B07B7F1A3B1B8F009FBEDA /* time2-back.png */,
				D7B07BEB1A3B2CE1009FBEDA /* time1-back.png */,
				D7B07B7B1A3B14D8009FBEDA /* main-back.png */,
				D7B07B611A39B4FD009FBEDA /* icon.png */,
				D7BF46C91A95F371009F4074 /* README.txt */,
				D7BF46C81A95F371009F4074 /* GoogleMobileAds.framework */,
				D7F39F0F1A307230006C632F /* AudioToolbox.framework */,
				D7682FFA1A0780BB00FD8363 /* telephonemachine */,
				D76830171A0780BC00FD8363 /* telephonemachineTests */,
				D7682FF91A0780BB00FD8363 /* Products */,
			);
			sourceTree = "<group>";
		};
		D7682FF91A0780BB00FD8363 /* Products */ = {
			isa = PBXGroup;
			children = (
				D7682FF81A0780BB00FD8363 /* telephonemachine.app */,
				D76830141A0780BC00FD8363 /* telephonemachineTests.xctest */,
			);
			name = Products;
			sourceTree = "<group>";
		};
		D7682FFA1A0780BB00FD8363 /* telephonemachine */ = {
			isa = PBXGroup;
			children = (
				D7682FFF1A0780BB00FD8363 /* AppDelegate.h */,
				D76830001A0780BB00FD8363 /* AppDelegate.m */,
				D76830051A0780BB00FD8363 /* ViewController.h */,
				D76830061A0780BB00FD8363 /* ViewController.m */,
				D72D23821A14CE4A00C2EE32 /* SecondViewController.h */,
				D72D23831A14CE4A00C2EE32 /* SecondViewController.m */,
				D72D23851A14CE7500C2EE32 /* ThirdViewController.h */,
				D72D23861A14CE7500C2EE32 /* ThirdViewController.m */,
				D74496D51A27310400804C44 /* TelephoneViewController.h */,
				D74496D61A27310400804C44 /* TelephoneViewController.m */,
				D76830081A0780BB00FD8363 /* Main.storyboard */,
				D768300B1A0780BB00FD8363 /* Images.xcassets */,
				D768300D1A0780BB00FD8363 /* LaunchScreen.xib */,
				D748AAC31A838971002B6D01 /* Defaults */,
				D76830021A0780BB00FD8363 /* telephonemachine.xcdatamodeld */,
				D7682FFB1A0780BB00FD8363 /* Supporting Files */,
			);
			path = telephonemachine;
			sourceTree = "<group>";
		};
		D7682FFB1A0780BB00FD8363 /* Supporting Files */ = {
			isa = PBXGroup;
			children = (
				D7682FFC1A0780BB00FD8363 /* Info.plist */,
				D7682FFD1A0780BB00FD8363 /* main.m */,
			);
			name = "Supporting Files";
			sourceTree = "<group>";
		};
		D76830171A0780BC00FD8363 /* telephonemachineTests */ = {
			isa = PBXGroup;
			children = (
				D768301A1A0780BC00FD8363 /* telephonemachineTests.m */,
				D76830181A0780BC00FD8363 /* Supporting Files */,
			);
			path = telephonemachineTests;
			sourceTree = "<group>";
		};
		D76830181A0780BC00FD8363 /* Supporting Files */ = {
			isa = PBXGroup;
			children = (
				D76830191A0780BC00FD8363 /* Info.plist */,
			);
			name = "Supporting Files";
			sourceTree = "<group>";
		};
/* End PBXGroup section */

/* Begin PBXNativeTarget section */
		D7682FF71A0780BB00FD8363 /* telephonemachine */ = {
			isa = PBXNativeTarget;
			buildConfigurationList = D768301E1A0780BC00FD8363 /* Build configuration list for PBXNativeTarget "telephonemachine" */;
			buildPhases = (
				D7682FF41A0780BB00FD8363 /* Sources */,
				D7682FF51A0780BB00FD8363 /* Frameworks */,
				D7682FF61A0780BB00FD8363 /* Resources */,
			);
			buildRules = (
			);
			dependencies = (
			);
			name = telephonemachine;
			productName = telephonemachine;
			productReference = D7682FF81A0780BB00FD8363 /* telephonemachine.app */;
			productType = "com.apple.product-type.application";
		};
		D76830131A0780BC00FD8363 /* telephonemachineTests */ = {
			isa = PBXNativeTarget;
			buildConfigurationList = D76830211A0780BC00FD8363 /* Build configuration list for PBXNativeTarget "telephonemachineTests" */;
			buildPhases = (
				D76830101A0780BC00FD8363 /* Sources */,
				D76830111A0780BC00FD8363 /* Frameworks */,
				D76830121A0780BC00FD8363 /* Resources */,
			);
			buildRules = (
			);
			dependencies = (
				D76830161A0780BC00FD8363 /* PBXTargetDependency */,
			);
			name = telephonemachineTests;
			productName = telephonemachineTests;
			productReference = D76830141A0780BC00FD8363 /* telephonemachineTests.xctest */;
			productType = "com.apple.product-type.bundle.unit-test";
		};
/* End PBXNativeTarget section */

/* Begin PBXProject section */
		D7682FF01A0780BB00FD8363 /* Project object */ = {
			isa = PBXProject;
			attributes = {
				LastUpgradeCheck = 0610;
				ORGANIZATIONNAME = "Kento Ohara";
				TargetAttributes = {
					D7682FF71A0780BB00FD8363 = {
						CreatedOnToolsVersion = 6.1;
						DevelopmentTeam = TZ2XV8PVGN;
					};
					D76830131A0780BC00FD8363 = {
						CreatedOnToolsVersion = 6.1;
						TestTargetID = D7682FF71A0780BB00FD8363;
					};
				};
			};
			buildConfigurationList = D7682FF31A0780BB00FD8363 /* Build configuration list for PBXProject "phoneMachine" */;
			compatibilityVersion = "Xcode 3.2";
			developmentRegion = English;
			hasScannedForEncodings = 0;
			knownRegions = (
				en,
				Base,
			);
			mainGroup = D7682FEF1A0780BB00FD8363;
			productRefGroup = D7682FF91A0780BB00FD8363 /* Products */;
			projectDirPath = "";
			projectRoot = "";
			targets = (
				D7682FF71A0780BB00FD8363 /* telephonemachine */,
				D76830131A0780BC00FD8363 /* telephonemachineTests */,
			);
		};
/* End PBXProject section */

/* Begin PBXResourcesBuildPhase section */
		D7682FF61A0780BB00FD8363 /* Resources */ = {
			isa = PBXResourcesBuildPhase;
			buildActionMask = 2147483647;
			files = (
				D7B07B801A3B1B90009FBEDA /* time2-back.png in Resources */,
				D748AAC71A838971002B6D01 /* Default-568h@2x.png in Resources */,
				D7BF46CB1A95F371009F4074 /* README.txt in Resources */,
				D748AAC91A838971002B6D01 /* Default-736h@3x.png in Resources */,
				D7B07B621A39B4FD009FBEDA /* icon.png in Resources */,
				D7B07B7C1A3B14D8009FBEDA /* main-back.png in Resources */,
				D768300A1A0780BB00FD8363 /* Main.storyboard in Resources */,
				D768300F1A0780BB00FD8363 /* LaunchScreen.xib in Resources */,
				D768300C1A0780BB00FD8363 /* Images.xcassets in Resources */,
				D7B07BEC1A3B2CE1009FBEDA /* time1-back.png in Resources */,
				D748AAC81A838971002B6D01 /* Default-667h@2x.png in Resources */,
			);
			runOnlyForDeploymentPostprocessing = 0;
		};
		D76830121A0780BC00FD8363 /* Resources */ = {
			isa = PBXResourcesBuildPhase;
			buildActionMask = 2147483647;
			files = (
			);
			runOnlyForDeploymentPostprocessing = 0;
		};
/* End PBXResourcesBuildPhase section */

/* Begin PBXSourcesBuildPhase section */
		D7682FF41A0780BB00FD8363 /* Sources */ = {
			isa = PBXSourcesBuildPhase;
			buildActionMask = 2147483647;
			files = (
				D72D23841A14CE4A00C2EE32 /* SecondViewController.m in Sources */,
				D76830011A0780BB00FD8363 /* AppDelegate.m in Sources */,
				D72D23871A14CE7500C2EE32 /* ThirdViewController.m in Sources */,
				D74496D71A27310400804C44 /* TelephoneViewController.m in Sources */,
				D76830041A0780BB00FD8363 /* telephonemachine.xcdatamodeld in Sources */,
				D76830071A0780BB00FD8363 /* ViewController.m in Sources */,
				D7682FFE1A0780BB00FD8363 /* main.m in Sources */,
			);
			runOnlyForDeploymentPostprocessing = 0;
		};
		D76830101A0780BC00FD8363 /* Sources */ = {
			isa = PBXSourcesBuildPhase;
			buildActionMask = 2147483647;
			files = (
				D768301B1A0780BC00FD8363 /* telephonemachineTests.m in Sources */,
			);
			runOnlyForDeploymentPostprocessing = 0;
		};
/* End PBXSourcesBuildPhase section */

/* Begin PBXTargetDependency section */
		D76830161A0780BC00FD8363 /* PBXTargetDependency */ = {
			isa = PBXTargetDependency;
			target = D7682FF71A0780BB00FD8363 /* telephonemachine */;
			targetProxy = D76830151A0780BC00FD8363 /* PBXContainerItemProxy */;
		};
/* End PBXTargetDependency section */

/* Begin PBXVariantGroup section */
		D76830081A0780BB00FD8363 /* Main.storyboard */ = {
			isa = PBXVariantGroup;
			children = (
				D76830091A0780BB00FD8363 /* Base */,
			);
			name = Main.storyboard;
			sourceTree = "<group>";
		};
		D768300D1A0780BB00FD8363 /* LaunchScreen.xib */ = {
			isa = PBXVariantGroup;
			children = (
				D768300E1A0780BB00FD8363 /* Base */,
			);
			name = LaunchScreen.xib;
			sourceTree = "<group>";
		};
/* End PBXVariantGroup section */

/* Begin XCBuildConfiguration section */
		D768301C1A0780BC00FD8363 /* Debug */ = {
			isa = XCBuildConfiguration;
			buildSettings = {
				ALWAYS_SEARCH_USER_PATHS = NO;
				CLANG_CXX_LANGUAGE_STANDARD = "gnu++0x";
				CLANG_CXX_LIBRARY = "libc++";
				CLANG_ENABLE_MODULES = YES;
				CLANG_ENABLE_OBJC_ARC = YES;
				CLANG_WARN_BOOL_CONVERSION = YES;
				CLANG_WARN_CONSTANT_CONVERSION = YES;
				CLANG_WARN_DIRECT_OBJC_ISA_USAGE = YES_ERROR;
				CLANG_WARN_EMPTY_BODY = YES;
				CLANG_WARN_ENUM_CONVERSION = YES;
				CLANG_WARN_INT_CONVERSION = YES;
				CLANG_WARN_OBJC_ROOT_CLASS = YES_ERROR;
				CLANG_WARN_UNREACHABLE_CODE = YES;
				CLANG_WARN__DUPLICATE_METHOD_MATCH = YES;
				"CODE_SIGN_IDENTITY[sdk=iphoneos*]" = "iPhone Developer";
				COPY_PHASE_STRIP = NO;
				ENABLE_STRICT_OBJC_MSGSEND = YES;
				GCC_C_LANGUAGE_STANDARD = gnu99;
				GCC_DYNAMIC_NO_PIC = NO;
				GCC_OPTIMIZATION_LEVEL = 0;
				GCC_PREPROCESSOR_DEFINITIONS = (
					"DEBUG=1",
					"$(inherited)",
				);
				GCC_SYMBOLS_PRIVATE_EXTERN = NO;
				GCC_WARN_64_TO_32_BIT_CONVERSION = YES;
				GCC_WARN_ABOUT_RETURN_TYPE = YES_ERROR;
				GCC_WARN_UNDECLARED_SELECTOR = YES;
				GCC_WARN_UNINITIALIZED_AUTOS = YES_AGGRESSIVE;
				GCC_WARN_UNUSED_FUNCTION = YES;
				GCC_WARN_UNUSED_VARIABLE = YES;
				IPHONEOS_DEPLOYMENT_TARGET = 8.1;
				MTL_ENABLE_DEBUG_INFO = YES;
				ONLY_ACTIVE_ARCH = YES;
				SDKROOT = iphoneos;
			};
			name = Debug;
		};
		D768301D1A0780BC00FD8363 /* Release */ = {
			isa = XCBuildConfiguration;
			buildSettings = {
				ALWAYS_SEARCH_USER_PATHS = NO;
				CLANG_CXX_LANGUAGE_STANDARD = "gnu++0x";
				CLANG_CXX_LIBRARY = "libc++";
				CLANG_ENABLE_MODULES = YES;
				CLANG_ENABLE_OBJC_ARC = YES;
				CLANG_WARN_BOOL_CONVERSION = YES;
				CLANG_WARN_CONSTANT_CONVERSION = YES;
				CLANG_WARN_DIRECT_OBJC_ISA_USAGE = YES_ERROR;
				CLANG_WARN_EMPTY_BODY = YES;
				CLANG_WARN_ENUM_CONVERSION = YES;
				CLANG_WARN_INT_CONVERSION = YES;
				CLANG_WARN_OBJC_ROOT_CLASS = YES_ERROR;
				CLANG_WARN_UNREACHABLE_CODE = YES;
				CLANG_WARN__DUPLICATE_METHOD_MATCH = YES;
				"CODE_SIGN_IDENTITY[sdk=iphoneos*]" = "iPhone Developer";
				COPY_PHASE_STRIP = YES;
				ENABLE_NS_ASSERTIONS = NO;
				ENABLE_STRICT_OBJC_MSGSEND = YES;
				GCC_C_LANGUAGE_STANDARD = gnu99;
				GCC_WARN_64_TO_32_BIT_CONVERSION = YES;
				GCC_WARN_ABOUT_RETURN_TYPE = YES_ERROR;
				GCC_WARN_UNDECLARED_SELECTOR = YES;
				GCC_WARN_UNINITIALIZED_AUTOS = YES_AGGRESSIVE;
				GCC_WARN_UNUSED_FUNCTION = YES;
				GCC_WARN_UNUSED_VARIABLE = YES;
				IPHONEOS_DEPLOYMENT_TARGET = 8.1;
				MTL_ENABLE_DEBUG_INFO = NO;
				SDKROOT = iphoneos;
				VALIDATE_PRODUCT = YES;
			};
			name = Release;
		};
		D768301F1A0780BC00FD8363 /* Debug */ = {
			isa = XCBuildConfiguration;
			buildSettings = {
				ASSETCATALOG_COMPILER_APPICON_NAME = AppIcon;
				CODE_SIGN_IDENTITY = "iPhone Developer";
				"CODE_SIGN_IDENTITY[sdk=iphoneos*]" = "iPhone Developer";
				FRAMEWORK_SEARCH_PATHS = (
					"$(inherited)",
					"$(PROJECT_DIR)/telephonemachine",
				);
				INFOPLIST_FILE = telephonemachine/Info.plist;
				LD_RUNPATH_SEARCH_PATHS = "$(inherited) @executable_path/Frameworks";
				ONLY_ACTIVE_ARCH = YES;
				PRODUCT_NAME = "$(TARGET_NAME)";
				PROVISIONING_PROFILE = "";
				TARGETED_DEVICE_FAMILY = 1;
			};
			name = Debug;
		};
		D76830201A0780BC00FD8363 /* Release */ = {
			isa = XCBuildConfiguration;
			buildSettings = {
				ASSETCATALOG_COMPILER_APPICON_NAME = AppIcon;
				CODE_SIGN_IDENTITY = "iPhone Developer";
				"CODE_SIGN_IDENTITY[sdk=iphoneos*]" = "iPhone Developer";
				FRAMEWORK_SEARCH_PATHS = (
					"$(inherited)",
					"$(PROJECT_DIR)/telephonemachine",
				);
				INFOPLIST_FILE = telephonemachine/Info.plist;
				LD_RUNPATH_SEARCH_PATHS = "$(inherited) @executable_path/Frameworks";
				ONLY_ACTIVE_ARCH = YES;
				PRODUCT_NAME = "$(TARGET_NAME)";
				PROVISIONING_PROFILE = "";
				TARGETED_DEVICE_FAMILY = 1;
			};
			name = Release;
		};
		D76830221A0780BC00FD8363 /* Debug */ = {
			isa = XCBuildConfiguration;
			buildSettings = {
				BUNDLE_LOADER = "$(TEST_HOST)";
				FRAMEWORK_SEARCH_PATHS = (
					"$(SDKROOT)/Developer/Library/Frameworks",
					"$(inherited)",
				);
				GCC_PREPROCESSOR_DEFINITIONS = (
					"DEBUG=1",
					"$(inherited)",
				);
				INFOPLIST_FILE = telephonemachineTests/Info.plist;
				LD_RUNPATH_SEARCH_PATHS = "$(inherited) @executable_path/Frameworks @loader_path/Frameworks";
				PRODUCT_NAME = "$(TARGET_NAME)";
				TEST_HOST = "$(BUILT_PRODUCTS_DIR)/telephonemachine.app/telephonemachine";
			};
			name = Debug;
		};
		D76830231A0780BC00FD8363 /* Release */ = {
			isa = XCBuildConfiguration;
			buildSettings = {
				BUNDLE_LOADER = "$(TEST_HOST)";
				FRAMEWORK_SEARCH_PATHS = (
					"$(SDKROOT)/Developer/Library/Frameworks",
					"$(inherited)",
				);
				INFOPLIST_FILE = telephonemachineTests/Info.plist;
				LD_RUNPATH_SEARCH_PATHS = "$(inherited) @executable_path/Frameworks @loader_path/Frameworks";
				PRODUCT_NAME = "$(TARGET_NAME)";
				TEST_HOST = "$(BUILT_PRODUCTS_DIR)/telephonemachine.app/telephonemachine";
			};
			name = Release;
		};
/* End XCBuildConfiguration section */

/* Begin XCConfigurationList section */
		D7682FF31A0780BB00FD8363 /* Build configuration list for PBXProject "phoneMachine" */ = {
			isa = XCConfigurationList;
			buildConfigurations = (
				D768301C1A0780BC00FD8363 /* Debug */,
				D768301D1A0780BC00FD8363 /* Release */,
			);
			defaultConfigurationIsVisible = 0;
			defaultConfigurationName = Release;
		};
		D768301E1A0780BC00FD8363 /* Build configuration list for PBXNativeTarget "telephonemachine" */ = {
			isa = XCConfigurationList;
			buildConfigurations = (
				D768301F1A0780BC00FD8363 /* Debug */,
				D76830201A0780BC00FD8363 /* Release */,
			);
			defaultConfigurationIsVisible = 0;
			defaultConfigurationName = Release;
		};
		D76830211A0780BC00FD8363 /* Build configuration list for PBXNativeTarget "telephonemachineTests" */ = {
			isa = XCConfigurationList;
			buildConfigurations = (
				D76830221A0780BC00FD8363 /* Debug */,
				D76830231A0780BC00FD8363 /* Release */,
			);
			defaultConfigurationIsVisible = 0;
			defaultConfigurationName = Release;
		};
/* End XCConfigurationList section */

/* Begin XCVersionGroup section */
		D76830021A0780BB00FD8363 /* telephonemachine.xcdatamodeld */ = {
			isa = XCVersionGroup;
			children = (
				D76830031A0780BB00FD8363 /* telephonemachine.xcdatamodel */,
			);
			currentVersion = D76830031A0780BB00FD8363 /* telephonemachine.xcdatamodel */;
			path = telephonemachine.xcdatamodeld;
			sourceTree = "<group>";
			versionGroupType = wrapper.xcdatamodel;
		};
/* End XCVersionGroup section */
	};
	rootObject = D7682FF01A0780BB00FD8363 /* Project object */;
}
